// !$*UTF8*$!
{
	archiveVersion = 1;
	classes = {
	};
	objectVersion = 46;
	objects = {

/* Begin PBXBuildFile section */
		DE7FC39D1415589400D2358F /* comment_alt2_stroke_32x24.png in Resources */ = {isa = PBXBuildFile; fileRef = DE7FC39C1415589400D2358F /* comment_alt2_stroke_32x24.png */; };
		DE7FC3A614155B3D00D2358F /* Y.png in Resources */ = {isa = PBXBuildFile; fileRef = DE7FC3A514155B3C00D2358F /* Y.png */; };
		DE7FC3A814155B4400D2358F /* Y@2x.png in Resources */ = {isa = PBXBuildFile; fileRef = DE7FC3A714155B4400D2358F /* Y@2x.png */; };
		DE7FC3AA14155C4100D2358F /* article_32x32.png in Resources */ = {isa = PBXBuildFile; fileRef = DE7FC3A914155C4100D2358F /* article_32x32.png */; };
		DE80D18214180DC600AB21EB /* HNRssViewController.m in Sources */ = {isa = PBXBuildFile; fileRef = DE80D18114180DC600AB21EB /* HNRssViewController.m */; };
		DE80D18614180E8B00AB21EB /* HNRssViewController_iPhone.m in Sources */ = {isa = PBXBuildFile; fileRef = DE80D18514180E8B00AB21EB /* HNRssViewController_iPhone.m */; };
		DE857116141D2725009B1EA0 /* GDataXMLNode.m in Sources */ = {isa = PBXBuildFile; fileRef = DE857115141D2725009B1EA0 /* GDataXMLNode.m */; };
		DE85711B141D27D4009B1EA0 /* libxml2.dylib in Frameworks */ = {isa = PBXBuildFile; fileRef = DE85711A141D27D4009B1EA0 /* libxml2.dylib */; };
		DE99FC1D14127DFC007A9F00 /* UIKit.framework in Frameworks */ = {isa = PBXBuildFile; fileRef = DE99FC1C14127DFC007A9F00 /* UIKit.framework */; };
		DE99FC1F14127DFC007A9F00 /* Foundation.framework in Frameworks */ = {isa = PBXBuildFile; fileRef = DE99FC1E14127DFC007A9F00 /* Foundation.framework */; };
		DE99FC2114127DFC007A9F00 /* CoreGraphics.framework in Frameworks */ = {isa = PBXBuildFile; fileRef = DE99FC2014127DFC007A9F00 /* CoreGraphics.framework */; };
		DE99FC2714127DFC007A9F00 /* InfoPlist.strings in Resources */ = {isa = PBXBuildFile; fileRef = DE99FC2514127DFC007A9F00 /* InfoPlist.strings */; };
		DE99FC2914127DFC007A9F00 /* main.m in Sources */ = {isa = PBXBuildFile; fileRef = DE99FC2814127DFC007A9F00 /* main.m */; };
		DE99FC2D14127DFC007A9F00 /* hackernewsapiAppDelegate.m in Sources */ = {isa = PBXBuildFile; fileRef = DE99FC2C14127DFC007A9F00 /* hackernewsapiAppDelegate.m */; };
		DE99FC3114127DFC007A9F00 /* hackernewsapiAppDelegate_iPhone.m in Sources */ = {isa = PBXBuildFile; fileRef = DE99FC3014127DFC007A9F00 /* hackernewsapiAppDelegate_iPhone.m */; };
		DE99FC3414127DFC007A9F00 /* MainWindow_iPhone.xib in Resources */ = {isa = PBXBuildFile; fileRef = DE99FC3214127DFC007A9F00 /* MainWindow_iPhone.xib */; };
		DE99FC3814127DFC007A9F00 /* hackernewsapiAppDelegate_iPad.m in Sources */ = {isa = PBXBuildFile; fileRef = DE99FC3714127DFC007A9F00 /* hackernewsapiAppDelegate_iPad.m */; };
		DE99FC3B14127DFC007A9F00 /* MainWindow_iPad.xib in Resources */ = {isa = PBXBuildFile; fileRef = DE99FC3914127DFC007A9F00 /* MainWindow_iPad.xib */; };
		DE99FC471412870F007A9F00 /* NewsListViewController.m in Sources */ = {isa = PBXBuildFile; fileRef = DE99FC461412870F007A9F00 /* NewsListViewController.m */; };
		DE99FC4C141288EC007A9F00 /* NewListViewController_iPhone.m in Sources */ = {isa = PBXBuildFile; fileRef = DE99FC4A141288EC007A9F00 /* NewListViewController_iPhone.m */; };
		DE99FC4D141288EC007A9F00 /* NewListViewController_iPhone.xib in Resources */ = {isa = PBXBuildFile; fileRef = DE99FC4B141288EC007A9F00 /* NewListViewController_iPhone.xib */; };
		DE99FC5314128BF7007A9F00 /* NewsListViewController_iPad.m in Sources */ = {isa = PBXBuildFile; fileRef = DE99FC5114128BF7007A9F00 /* NewsListViewController_iPad.m */; };
		DE99FC5414128BF7007A9F00 /* NewsListViewController_iPad.xib in Resources */ = {isa = PBXBuildFile; fileRef = DE99FC5214128BF7007A9F00 /* NewsListViewController_iPad.xib */; };
		DE99FC62141292F9007A9F00 /* CHANGELOG.md in Resources */ = {isa = PBXBuildFile; fileRef = DE99FC5E141292F9007A9F00 /* CHANGELOG.md */; };
		DE99FC63141292F9007A9F00 /* JSONKit.m in Sources */ = {isa = PBXBuildFile; fileRef = DE99FC60141292F9007A9F00 /* JSONKit.m */; };
		DE99FC64141292F9007A9F00 /* README.md in Resources */ = {isa = PBXBuildFile; fileRef = DE99FC61141292F9007A9F00 /* README.md */; };
		DE99FCA214129498007A9F00 /* AFHTTPRequestOperation.m in Sources */ = {isa = PBXBuildFile; fileRef = DE99FC8D14129498007A9F00 /* AFHTTPRequestOperation.m */; };
		DE99FCA314129498007A9F00 /* AFImageCache.m in Sources */ = {isa = PBXBuildFile; fileRef = DE99FC8F14129498007A9F00 /* AFImageCache.m */; };
		DE99FCA414129498007A9F00 /* AFImageRequestOperation.m in Sources */ = {isa = PBXBuildFile; fileRef = DE99FC9114129498007A9F00 /* AFImageRequestOperation.m */; };
		DE99FCA514129498007A9F00 /* AFJSONRequestOperation.m in Sources */ = {isa = PBXBuildFile; fileRef = DE99FC9314129498007A9F00 /* AFJSONRequestOperation.m */; };
		DE99FCA614129498007A9F00 /* AFNetworkActivityIndicatorManager.m in Sources */ = {isa = PBXBuildFile; fileRef = DE99FC9514129498007A9F00 /* AFNetworkActivityIndicatorManager.m */; };
		DE99FCA714129498007A9F00 /* AFRestClient.m in Sources */ = {isa = PBXBuildFile; fileRef = DE99FC9714129498007A9F00 /* AFRestClient.m */; };
		DE99FCA814129498007A9F00 /* NSData+AFNetworking.m in Sources */ = {isa = PBXBuildFile; fileRef = DE99FC9914129498007A9F00 /* NSData+AFNetworking.m */; };
		DE99FCA914129498007A9F00 /* NSMutableURLRequest+AFNetworking.m in Sources */ = {isa = PBXBuildFile; fileRef = DE99FC9B14129498007A9F00 /* NSMutableURLRequest+AFNetworking.m */; };
		DE99FCAA14129498007A9F00 /* NSString+AFNetworking.m in Sources */ = {isa = PBXBuildFile; fileRef = DE99FC9D14129498007A9F00 /* NSString+AFNetworking.m */; };
		DE99FCAB14129498007A9F00 /* UIImage+AFNetworking.m in Sources */ = {isa = PBXBuildFile; fileRef = DE99FC9F14129498007A9F00 /* UIImage+AFNetworking.m */; };
		DE99FCAC14129498007A9F00 /* UIImageView+AFNetworking.m in Sources */ = {isa = PBXBuildFile; fileRef = DE99FCA114129498007A9F00 /* UIImageView+AFNetworking.m */; };
		DE99FCAE14129691007A9F00 /* libz.dylib in Frameworks */ = {isa = PBXBuildFile; fileRef = DE99FCAD14129691007A9F00 /* libz.dylib */; };
		DE99FCB1141297C3007A9F00 /* HackerNewsAPIClient.m in Sources */ = {isa = PBXBuildFile; fileRef = DE99FCB0141297C3007A9F00 /* HackerNewsAPIClient.m */; };
		DE99FCB4141299DB007A9F00 /* HNItem.m in Sources */ = {isa = PBXBuildFile; fileRef = DE99FCB3141299DB007A9F00 /* HNItem.m */; };
/* End PBXBuildFile section */

/* Begin PBXFileReference section */
		DE7FC39C1415589400D2358F /* comment_alt2_stroke_32x24.png */ = {isa = PBXFileReference; lastKnownFileType = image.png; path = comment_alt2_stroke_32x24.png; sourceTree = "<group>"; };
		DE7FC3A514155B3C00D2358F /* Y.png */ = {isa = PBXFileReference; lastKnownFileType = image.png; path = Y.png; sourceTree = "<group>"; };
		DE7FC3A714155B4400D2358F /* Y@2x.png */ = {isa = PBXFileReference; lastKnownFileType = image.png; path = "Y@2x.png"; sourceTree = "<group>"; };
		DE7FC3A914155C4100D2358F /* article_32x32.png */ = {isa = PBXFileReference; lastKnownFileType = image.png; path = article_32x32.png; sourceTree = "<group>"; };
		DE80D18014180DC600AB21EB /* HNRssViewController.h */ = {isa = PBXFileReference; fileEncoding = 4; lastKnownFileType = sourcecode.c.h; path = HNRssViewController.h; sourceTree = "<group>"; };
		DE80D18114180DC600AB21EB /* HNRssViewController.m */ = {isa = PBXFileReference; fileEncoding = 4; lastKnownFileType = sourcecode.c.objc; path = HNRssViewController.m; sourceTree = "<group>"; };
		DE80D18414180E8B00AB21EB /* HNRssViewController_iPhone.h */ = {isa = PBXFileReference; fileEncoding = 4; lastKnownFileType = sourcecode.c.h; path = HNRssViewController_iPhone.h; sourceTree = "<group>"; };
		DE80D18514180E8B00AB21EB /* HNRssViewController_iPhone.m */ = {isa = PBXFileReference; fileEncoding = 4; lastKnownFileType = sourcecode.c.objc; path = HNRssViewController_iPhone.m; sourceTree = "<group>"; };
		DE857114141D2725009B1EA0 /* GDataXMLNode.h */ = {isa = PBXFileReference; fileEncoding = 4; lastKnownFileType = sourcecode.c.h; path = GDataXMLNode.h; sourceTree = "<group>"; };
		DE857115141D2725009B1EA0 /* GDataXMLNode.m */ = {isa = PBXFileReference; fileEncoding = 4; lastKnownFileType = sourcecode.c.objc; path = GDataXMLNode.m; sourceTree = "<group>"; };
		DE85711A141D27D4009B1EA0 /* libxml2.dylib */ = {isa = PBXFileReference; lastKnownFileType = "compiled.mach-o.dylib"; name = libxml2.dylib; path = usr/lib/libxml2.dylib; sourceTree = SDKROOT; };
		DE99FC1814127DFC007A9F00 /* hackernewsapi.app */ = {isa = PBXFileReference; explicitFileType = wrapper.application; includeInIndex = 0; path = hackernewsapi.app; sourceTree = BUILT_PRODUCTS_DIR; };
		DE99FC1C14127DFC007A9F00 /* UIKit.framework */ = {isa = PBXFileReference; lastKnownFileType = wrapper.framework; name = UIKit.framework; path = System/Library/Frameworks/UIKit.framework; sourceTree = SDKROOT; };
		DE99FC1E14127DFC007A9F00 /* Foundation.framework */ = {isa = PBXFileReference; lastKnownFileType = wrapper.framework; name = Foundation.framework; path = System/Library/Frameworks/Foundation.framework; sourceTree = SDKROOT; };
		DE99FC2014127DFC007A9F00 /* CoreGraphics.framework */ = {isa = PBXFileReference; lastKnownFileType = wrapper.framework; name = CoreGraphics.framework; path = System/Library/Frameworks/CoreGraphics.framework; sourceTree = SDKROOT; };
		DE99FC2414127DFC007A9F00 /* hackernewsapi-Info.plist */ = {isa = PBXFileReference; lastKnownFileType = text.plist.xml; path = "hackernewsapi-Info.plist"; sourceTree = "<group>"; };
		DE99FC2614127DFC007A9F00 /* en */ = {isa = PBXFileReference; lastKnownFileType = text.plist.strings; name = en; path = en.lproj/InfoPlist.strings; sourceTree = "<group>"; };
		DE99FC2814127DFC007A9F00 /* main.m */ = {isa = PBXFileReference; lastKnownFileType = sourcecode.c.objc; path = main.m; sourceTree = "<group>"; };
		DE99FC2A14127DFC007A9F00 /* hackernewsapi-Prefix.pch */ = {isa = PBXFileReference; lastKnownFileType = sourcecode.c.h; path = "hackernewsapi-Prefix.pch"; sourceTree = "<group>"; };
		DE99FC2B14127DFC007A9F00 /* hackernewsapiAppDelegate.h */ = {isa = PBXFileReference; lastKnownFileType = sourcecode.c.h; path = hackernewsapiAppDelegate.h; sourceTree = "<group>"; };
		DE99FC2C14127DFC007A9F00 /* hackernewsapiAppDelegate.m */ = {isa = PBXFileReference; lastKnownFileType = sourcecode.c.objc; path = hackernewsapiAppDelegate.m; sourceTree = "<group>"; };
		DE99FC2F14127DFC007A9F00 /* hackernewsapiAppDelegate_iPhone.h */ = {isa = PBXFileReference; lastKnownFileType = sourcecode.c.h; name = hackernewsapiAppDelegate_iPhone.h; path = iPhone/hackernewsapiAppDelegate_iPhone.h; sourceTree = "<group>"; };
		DE99FC3014127DFC007A9F00 /* hackernewsapiAppDelegate_iPhone.m */ = {isa = PBXFileReference; lastKnownFileType = sourcecode.c.objc; name = hackernewsapiAppDelegate_iPhone.m; path = iPhone/hackernewsapiAppDelegate_iPhone.m; sourceTree = "<group>"; };
		DE99FC3314127DFC007A9F00 /* en */ = {isa = PBXFileReference; lastKnownFileType = file.xib; name = en; path = iPhone/en.lproj/MainWindow_iPhone.xib; sourceTree = "<group>"; };
		DE99FC3614127DFC007A9F00 /* hackernewsapiAppDelegate_iPad.h */ = {isa = PBXFileReference; lastKnownFileType = sourcecode.c.h; name = hackernewsapiAppDelegate_iPad.h; path = iPad/hackernewsapiAppDelegate_iPad.h; sourceTree = "<group>"; };
		DE99FC3714127DFC007A9F00 /* hackernewsapiAppDelegate_iPad.m */ = {isa = PBXFileReference; lastKnownFileType = sourcecode.c.objc; name = hackernewsapiAppDelegate_iPad.m; path = iPad/hackernewsapiAppDelegate_iPad.m; sourceTree = "<group>"; };
		DE99FC3A14127DFC007A9F00 /* en */ = {isa = PBXFileReference; lastKnownFileType = file.xib; name = en; path = iPad/en.lproj/MainWindow_iPad.xib; sourceTree = "<group>"; };
		DE99FC451412870F007A9F00 /* NewsListViewController.h */ = {isa = PBXFileReference; fileEncoding = 4; lastKnownFileType = sourcecode.c.h; path = NewsListViewController.h; sourceTree = "<group>"; };
		DE99FC461412870F007A9F00 /* NewsListViewController.m */ = {isa = PBXFileReference; fileEncoding = 4; lastKnownFileType = sourcecode.c.objc; path = NewsListViewController.m; sourceTree = "<group>"; };
		DE99FC49141288EC007A9F00 /* NewListViewController_iPhone.h */ = {isa = PBXFileReference; fileEncoding = 4; lastKnownFileType = sourcecode.c.h; path = NewListViewController_iPhone.h; sourceTree = "<group>"; };
		DE99FC4A141288EC007A9F00 /* NewListViewController_iPhone.m */ = {isa = PBXFileReference; fileEncoding = 4; lastKnownFileType = sourcecode.c.objc; path = NewListViewController_iPhone.m; sourceTree = "<group>"; };
		DE99FC4B141288EC007A9F00 /* NewListViewController_iPhone.xib */ = {isa = PBXFileReference; fileEncoding = 4; lastKnownFileType = file.xib; path = NewListViewController_iPhone.xib; sourceTree = "<group>"; };
		DE99FC5014128BF7007A9F00 /* NewsListViewController_iPad.h */ = {isa = PBXFileReference; fileEncoding = 4; lastKnownFileType = sourcecode.c.h; path = NewsListViewController_iPad.h; sourceTree = "<group>"; };
		DE99FC5114128BF7007A9F00 /* NewsListViewController_iPad.m */ = {isa = PBXFileReference; fileEncoding = 4; lastKnownFileType = sourcecode.c.objc; path = NewsListViewController_iPad.m; sourceTree = "<group>"; };
		DE99FC5214128BF7007A9F00 /* NewsListViewController_iPad.xib */ = {isa = PBXFileReference; fileEncoding = 4; lastKnownFileType = file.xib; path = NewsListViewController_iPad.xib; sourceTree = "<group>"; };
		DE99FC5E141292F9007A9F00 /* CHANGELOG.md */ = {isa = PBXFileReference; fileEncoding = 4; lastKnownFileType = text; path = CHANGELOG.md; sourceTree = "<group>"; };
		DE99FC5F141292F9007A9F00 /* JSONKit.h */ = {isa = PBXFileReference; fileEncoding = 4; lastKnownFileType = sourcecode.c.h; path = JSONKit.h; sourceTree = "<group>"; };
		DE99FC60141292F9007A9F00 /* JSONKit.m */ = {isa = PBXFileReference; fileEncoding = 4; lastKnownFileType = sourcecode.c.objc; path = JSONKit.m; sourceTree = "<group>"; };
		DE99FC61141292F9007A9F00 /* README.md */ = {isa = PBXFileReference; fileEncoding = 4; lastKnownFileType = text; path = README.md; sourceTree = "<group>"; };
		DE99FC8C14129498007A9F00 /* AFHTTPRequestOperation.h */ = {isa = PBXFileReference; fileEncoding = 4; lastKnownFileType = sourcecode.c.h; path = AFHTTPRequestOperation.h; sourceTree = "<group>"; };
		DE99FC8D14129498007A9F00 /* AFHTTPRequestOperation.m */ = {isa = PBXFileReference; fileEncoding = 4; lastKnownFileType = sourcecode.c.objc; path = AFHTTPRequestOperation.m; sourceTree = "<group>"; };
		DE99FC8E14129498007A9F00 /* AFImageCache.h */ = {isa = PBXFileReference; fileEncoding = 4; lastKnownFileType = sourcecode.c.h; path = AFImageCache.h; sourceTree = "<group>"; };
		DE99FC8F14129498007A9F00 /* AFImageCache.m */ = {isa = PBXFileReference; fileEncoding = 4; lastKnownFileType = sourcecode.c.objc; path = AFImageCache.m; sourceTree = "<group>"; };
		DE99FC9014129498007A9F00 /* AFImageRequestOperation.h */ = {isa = PBXFileReference; fileEncoding = 4; lastKnownFileType = sourcecode.c.h; path = AFImageRequestOperation.h; sourceTree = "<group>"; };
		DE99FC9114129498007A9F00 /* AFImageRequestOperation.m */ = {isa = PBXFileReference; fileEncoding = 4; lastKnownFileType = sourcecode.c.objc; path = AFImageRequestOperation.m; sourceTree = "<group>"; };
		DE99FC9214129498007A9F00 /* AFJSONRequestOperation.h */ = {isa = PBXFileReference; fileEncoding = 4; lastKnownFileType = sourcecode.c.h; path = AFJSONRequestOperation.h; sourceTree = "<group>"; };
		DE99FC9314129498007A9F00 /* AFJSONRequestOperation.m */ = {isa = PBXFileReference; fileEncoding = 4; lastKnownFileType = sourcecode.c.objc; path = AFJSONRequestOperation.m; sourceTree = "<group>"; };
		DE99FC9414129498007A9F00 /* AFNetworkActivityIndicatorManager.h */ = {isa = PBXFileReference; fileEncoding = 4; lastKnownFileType = sourcecode.c.h; path = AFNetworkActivityIndicatorManager.h; sourceTree = "<group>"; };
		DE99FC9514129498007A9F00 /* AFNetworkActivityIndicatorManager.m */ = {isa = PBXFileReference; fileEncoding = 4; lastKnownFileType = sourcecode.c.objc; path = AFNetworkActivityIndicatorManager.m; sourceTree = "<group>"; };
		DE99FC9614129498007A9F00 /* AFRestClient.h */ = {isa = PBXFileReference; fileEncoding = 4; lastKnownFileType = sourcecode.c.h; path = AFRestClient.h; sourceTree = "<group>"; };
		DE99FC9714129498007A9F00 /* AFRestClient.m */ = {isa = PBXFileReference; fileEncoding = 4; lastKnownFileType = sourcecode.c.objc; path = AFRestClient.m; sourceTree = "<group>"; };
		DE99FC9814129498007A9F00 /* NSData+AFNetworking.h */ = {isa = PBXFileReference; fileEncoding = 4; lastKnownFileType = sourcecode.c.h; path = "NSData+AFNetworking.h"; sourceTree = "<group>"; };
		DE99FC9914129498007A9F00 /* NSData+AFNetworking.m */ = {isa = PBXFileReference; fileEncoding = 4; lastKnownFileType = sourcecode.c.objc; path = "NSData+AFNetworking.m"; sourceTree = "<group>"; };
		DE99FC9A14129498007A9F00 /* NSMutableURLRequest+AFNetworking.h */ = {isa = PBXFileReference; fileEncoding = 4; lastKnownFileType = sourcecode.c.h; path = "NSMutableURLRequest+AFNetworking.h"; sourceTree = "<group>"; };
		DE99FC9B14129498007A9F00 /* NSMutableURLRequest+AFNetworking.m */ = {isa = PBXFileReference; fileEncoding = 4; lastKnownFileType = sourcecode.c.objc; path = "NSMutableURLRequest+AFNetworking.m"; sourceTree = "<group>"; };
		DE99FC9C14129498007A9F00 /* NSString+AFNetworking.h */ = {isa = PBXFileReference; fileEncoding = 4; lastKnownFileType = sourcecode.c.h; path = "NSString+AFNetworking.h"; sourceTree = "<group>"; };
		DE99FC9D14129498007A9F00 /* NSString+AFNetworking.m */ = {isa = PBXFileReference; fileEncoding = 4; lastKnownFileType = sourcecode.c.objc; path = "NSString+AFNetworking.m"; sourceTree = "<group>"; };
		DE99FC9E14129498007A9F00 /* UIImage+AFNetworking.h */ = {isa = PBXFileReference; fileEncoding = 4; lastKnownFileType = sourcecode.c.h; path = "UIImage+AFNetworking.h"; sourceTree = "<group>"; };
		DE99FC9F14129498007A9F00 /* UIImage+AFNetworking.m */ = {isa = PBXFileReference; fileEncoding = 4; lastKnownFileType = sourcecode.c.objc; path = "UIImage+AFNetworking.m"; sourceTree = "<group>"; };
		DE99FCA014129498007A9F00 /* UIImageView+AFNetworking.h */ = {isa = PBXFileReference; fileEncoding = 4; lastKnownFileType = sourcecode.c.h; path = "UIImageView+AFNetworking.h"; sourceTree = "<group>"; };
		DE99FCA114129498007A9F00 /* UIImageView+AFNetworking.m */ = {isa = PBXFileReference; fileEncoding = 4; lastKnownFileType = sourcecode.c.objc; path = "UIImageView+AFNetworking.m"; sourceTree = "<group>"; };
		DE99FCAD14129691007A9F00 /* libz.dylib */ = {isa = PBXFileReference; lastKnownFileType = "compiled.mach-o.dylib"; name = libz.dylib; path = usr/lib/libz.dylib; sourceTree = SDKROOT; };
		DE99FCAF141297C2007A9F00 /* HackerNewsAPIClient.h */ = {isa = PBXFileReference; fileEncoding = 4; lastKnownFileType = sourcecode.c.h; path = HackerNewsAPIClient.h; sourceTree = "<group>"; };
		DE99FCB0141297C3007A9F00 /* HackerNewsAPIClient.m */ = {isa = PBXFileReference; fileEncoding = 4; lastKnownFileType = sourcecode.c.objc; path = HackerNewsAPIClient.m; sourceTree = "<group>"; };
		DE99FCB2141299DB007A9F00 /* HNItem.h */ = {isa = PBXFileReference; fileEncoding = 4; lastKnownFileType = sourcecode.c.h; path = HNItem.h; sourceTree = "<group>"; };
		DE99FCB3141299DB007A9F00 /* HNItem.m */ = {isa = PBXFileReference; fileEncoding = 4; lastKnownFileType = sourcecode.c.objc; path = HNItem.m; sourceTree = "<group>"; };
/* End PBXFileReference section */

/* Begin PBXFrameworksBuildPhase section */
		DE99FC1514127DFC007A9F00 /* Frameworks */ = {
			isa = PBXFrameworksBuildPhase;
			buildActionMask = 2147483647;
			files = (
				DE85711B141D27D4009B1EA0 /* libxml2.dylib in Frameworks */,
				DE99FCAE14129691007A9F00 /* libz.dylib in Frameworks */,
				DE99FC1D14127DFC007A9F00 /* UIKit.framework in Frameworks */,
				DE99FC1F14127DFC007A9F00 /* Foundation.framework in Frameworks */,
				DE99FC2114127DFC007A9F00 /* CoreGraphics.framework in Frameworks */,
			);
			runOnlyForDeploymentPostprocessing = 0;
		};
/* End PBXFrameworksBuildPhase section */

/* Begin PBXGroup section */
		DE857113141D2725009B1EA0 /* XMLSupport */ = {
			isa = PBXGroup;
			children = (
				DE857114141D2725009B1EA0 /* GDataXMLNode.h */,
				DE857115141D2725009B1EA0 /* GDataXMLNode.m */,
			);
			path = XMLSupport;
			sourceTree = "<group>";
		};
		DE99FC0D14127DFC007A9F00 = {
			isa = PBXGroup;
			children = (
				DE85711A141D27D4009B1EA0 /* libxml2.dylib */,
				DE7FC3A714155B4400D2358F /* Y@2x.png */,
				DE7FC3A514155B3C00D2358F /* Y.png */,
				DE99FC2214127DFC007A9F00 /* hackernewsapi */,
				DE99FC1B14127DFC007A9F00 /* Frameworks */,
				DE99FC1914127DFC007A9F00 /* Products */,
			);
			sourceTree = "<group>";
		};
		DE99FC1914127DFC007A9F00 /* Products */ = {
			isa = PBXGroup;
			children = (
				DE99FC1814127DFC007A9F00 /* hackernewsapi.app */,
			);
			name = Products;
			sourceTree = "<group>";
		};
		DE99FC1B14127DFC007A9F00 /* Frameworks */ = {
			isa = PBXGroup;
			children = (
				DE99FCAD14129691007A9F00 /* libz.dylib */,
				DE99FC1C14127DFC007A9F00 /* UIKit.framework */,
				DE99FC1E14127DFC007A9F00 /* Foundation.framework */,
				DE99FC2014127DFC007A9F00 /* CoreGraphics.framework */,
			);
			name = Frameworks;
			sourceTree = "<group>";
		};
		DE99FC2214127DFC007A9F00 /* hackernewsapi */ = {
			isa = PBXGroup;
			children = (
				DE857113141D2725009B1EA0 /* XMLSupport */,
				DE99FC8B14129498007A9F00 /* AFNetworking */,
				DE99FC5D141292F9007A9F00 /* JSONKit */,
				DE99FC2B14127DFC007A9F00 /* hackernewsapiAppDelegate.h */,
				DE99FC2C14127DFC007A9F00 /* hackernewsapiAppDelegate.m */,
				DE99FC481412882D007A9F00 /* View Controllers */,
				DE99FC2E14127DFC007A9F00 /* iPhone */,
				DE99FC3514127DFC007A9F00 /* iPad */,
				DE99FC2314127DFC007A9F00 /* Supporting Files */,
				DE99FCAF141297C2007A9F00 /* HackerNewsAPIClient.h */,
				DE99FCB0141297C3007A9F00 /* HackerNewsAPIClient.m */,
				DE99FCB2141299DB007A9F00 /* HNItem.h */,
				DE99FCB3141299DB007A9F00 /* HNItem.m */,
			);
			path = hackernewsapi;
			sourceTree = "<group>";
		};
		DE99FC2314127DFC007A9F00 /* Supporting Files */ = {
			isa = PBXGroup;
			children = (
				DE99FC2414127DFC007A9F00 /* hackernewsapi-Info.plist */,
				DE99FC2514127DFC007A9F00 /* InfoPlist.strings */,
				DE99FC2814127DFC007A9F00 /* main.m */,
				DE99FC2A14127DFC007A9F00 /* hackernewsapi-Prefix.pch */,
			);
			name = "Supporting Files";
			sourceTree = "<group>";
		};
		DE99FC2E14127DFC007A9F00 /* iPhone */ = {
			isa = PBXGroup;
			children = (
				DE99FC4E141288F4007A9F00 /* View Controllers */,
				DE99FC4214127E7B007A9F00 /* Images */,
				DE99FC4114127E5A007A9F00 /* Nibs */,
				DE99FC2F14127DFC007A9F00 /* hackernewsapiAppDelegate_iPhone.h */,
				DE99FC3014127DFC007A9F00 /* hackernewsapiAppDelegate_iPhone.m */,
			);
			name = iPhone;
			sourceTree = "<group>";
		};
		DE99FC3514127DFC007A9F00 /* iPad */ = {
			isa = PBXGroup;
			children = (
				DE99FC4F14128BA3007A9F00 /* View Controllers */,
				DE99FC4414127E9A007A9F00 /* Nibs */,
				DE99FC4314127E90007A9F00 /* Images */,
				DE99FC3614127DFC007A9F00 /* hackernewsapiAppDelegate_iPad.h */,
				DE99FC3714127DFC007A9F00 /* hackernewsapiAppDelegate_iPad.m */,
			);
			name = iPad;
			sourceTree = "<group>";
		};
		DE99FC4114127E5A007A9F00 /* Nibs */ = {
			isa = PBXGroup;
			children = (
				DE99FC4B141288EC007A9F00 /* NewListViewController_iPhone.xib */,
				DE99FC3214127DFC007A9F00 /* MainWindow_iPhone.xib */,
			);
			name = Nibs;
			sourceTree = "<group>";
		};
		DE99FC4214127E7B007A9F00 /* Images */ = {
			isa = PBXGroup;
			children = (
				DE7FC3A914155C4100D2358F /* article_32x32.png */,
				DE7FC39C1415589400D2358F /* comment_alt2_stroke_32x24.png */,
			);
			name = Images;
			sourceTree = "<group>";
		};
		DE99FC4314127E90007A9F00 /* Images */ = {
			isa = PBXGroup;
			children = (
			);
			name = Images;
			sourceTree = "<group>";
		};
		DE99FC4414127E9A007A9F00 /* Nibs */ = {
			isa = PBXGroup;
			children = (
				DE99FC5214128BF7007A9F00 /* NewsListViewController_iPad.xib */,
				DE99FC3914127DFC007A9F00 /* MainWindow_iPad.xib */,
			);
			name = Nibs;
			sourceTree = "<group>";
		};
		DE99FC481412882D007A9F00 /* View Controllers */ = {
			isa = PBXGroup;
			children = (
				DE99FC451412870F007A9F00 /* NewsListViewController.h */,
				DE99FC461412870F007A9F00 /* NewsListViewController.m */,
				DE80D18014180DC600AB21EB /* HNRssViewController.h */,
				DE80D18114180DC600AB21EB /* HNRssViewController.m */,
			);
			name = "View Controllers";
			sourceTree = "<group>";
		};
		DE99FC4E141288F4007A9F00 /* View Controllers */ = {
			isa = PBXGroup;
			children = (
				DE99FC49141288EC007A9F00 /* NewListViewController_iPhone.h */,
				DE99FC4A141288EC007A9F00 /* NewListViewController_iPhone.m */,
				DE80D18414180E8B00AB21EB /* HNRssViewController_iPhone.h */,
				DE80D18514180E8B00AB21EB /* HNRssViewController_iPhone.m */,
			);
			name = "View Controllers";
			sourceTree = "<group>";
		};
		DE99FC4F14128BA3007A9F00 /* View Controllers */ = {
			isa = PBXGroup;
			children = (
				DE99FC5014128BF7007A9F00 /* NewsListViewController_iPad.h */,
				DE99FC5114128BF7007A9F00 /* NewsListViewController_iPad.m */,
			);
			name = "View Controllers";
			sourceTree = "<group>";
		};
		DE99FC5D141292F9007A9F00 /* JSONKit */ = {
			isa = PBXGroup;
			children = (
				DE99FC5E141292F9007A9F00 /* CHANGELOG.md */,
				DE99FC5F141292F9007A9F00 /* JSONKit.h */,
				DE99FC60141292F9007A9F00 /* JSONKit.m */,
				DE99FC61141292F9007A9F00 /* README.md */,
			);
			path = JSONKit;
			sourceTree = "<group>";
		};
		DE99FC8B14129498007A9F00 /* AFNetworking */ = {
			isa = PBXGroup;
			children = (
				DE99FC8C14129498007A9F00 /* AFHTTPRequestOperation.h */,
				DE99FC8D14129498007A9F00 /* AFHTTPRequestOperation.m */,
				DE99FC8E14129498007A9F00 /* AFImageCache.h */,
				DE99FC8F14129498007A9F00 /* AFImageCache.m */,
				DE99FC9014129498007A9F00 /* AFImageRequestOperation.h */,
				DE99FC9114129498007A9F00 /* AFImageRequestOperation.m */,
				DE99FC9214129498007A9F00 /* AFJSONRequestOperation.h */,
				DE99FC9314129498007A9F00 /* AFJSONRequestOperation.m */,
				DE99FC9414129498007A9F00 /* AFNetworkActivityIndicatorManager.h */,
				DE99FC9514129498007A9F00 /* AFNetworkActivityIndicatorManager.m */,
				DE99FC9614129498007A9F00 /* AFRestClient.h */,
				DE99FC9714129498007A9F00 /* AFRestClient.m */,
				DE99FC9814129498007A9F00 /* NSData+AFNetworking.h */,
				DE99FC9914129498007A9F00 /* NSData+AFNetworking.m */,
				DE99FC9A14129498007A9F00 /* NSMutableURLRequest+AFNetworking.h */,
				DE99FC9B14129498007A9F00 /* NSMutableURLRequest+AFNetworking.m */,
				DE99FC9C14129498007A9F00 /* NSString+AFNetworking.h */,
				DE99FC9D14129498007A9F00 /* NSString+AFNetworking.m */,
				DE99FC9E14129498007A9F00 /* UIImage+AFNetworking.h */,
				DE99FC9F14129498007A9F00 /* UIImage+AFNetworking.m */,
				DE99FCA014129498007A9F00 /* UIImageView+AFNetworking.h */,
				DE99FCA114129498007A9F00 /* UIImageView+AFNetworking.m */,
			);
			path = AFNetworking;
			sourceTree = "<group>";
		};
/* End PBXGroup section */

/* Begin PBXNativeTarget section */
		DE99FC1714127DFC007A9F00 /* hackernewsapi */ = {
			isa = PBXNativeTarget;
			buildConfigurationList = DE99FC3E14127DFC007A9F00 /* Build configuration list for PBXNativeTarget "hackernewsapi" */;
			buildPhases = (
				DE99FC1414127DFC007A9F00 /* Sources */,
				DE99FC1514127DFC007A9F00 /* Frameworks */,
				DE99FC1614127DFC007A9F00 /* Resources */,
			);
			buildRules = (
			);
			dependencies = (
			);
			name = hackernewsapi;
			productName = hackernewsapi;
			productReference = DE99FC1814127DFC007A9F00 /* hackernewsapi.app */;
			productType = "com.apple.product-type.application";
		};
/* End PBXNativeTarget section */

/* Begin PBXProject section */
		DE99FC0F14127DFC007A9F00 /* Project object */ = {
			isa = PBXProject;
			buildConfigurationList = DE99FC1214127DFC007A9F00 /* Build configuration list for PBXProject "hackernewsapi" */;
			compatibilityVersion = "Xcode 3.2";
			developmentRegion = English;
			hasScannedForEncodings = 0;
			knownRegions = (
				en,
			);
			mainGroup = DE99FC0D14127DFC007A9F00;
			productRefGroup = DE99FC1914127DFC007A9F00 /* Products */;
			projectDirPath = "";
			projectRoot = "";
			targets = (
				DE99FC1714127DFC007A9F00 /* hackernewsapi */,
			);
		};
/* End PBXProject section */

/* Begin PBXResourcesBuildPhase section */
		DE99FC1614127DFC007A9F00 /* Resources */ = {
			isa = PBXResourcesBuildPhase;
			buildActionMask = 2147483647;
			files = (
				DE99FC2714127DFC007A9F00 /* InfoPlist.strings in Resources */,
				DE99FC3414127DFC007A9F00 /* MainWindow_iPhone.xib in Resources */,
				DE99FC3B14127DFC007A9F00 /* MainWindow_iPad.xib in Resources */,
				DE99FC4D141288EC007A9F00 /* NewListViewController_iPhone.xib in Resources */,
				DE99FC5414128BF7007A9F00 /* NewsListViewController_iPad.xib in Resources */,
				DE99FC62141292F9007A9F00 /* CHANGELOG.md in Resources */,
				DE99FC64141292F9007A9F00 /* README.md in Resources */,
				DE7FC39D1415589400D2358F /* comment_alt2_stroke_32x24.png in Resources */,
				DE7FC3A614155B3D00D2358F /* Y.png in Resources */,
				DE7FC3A814155B4400D2358F /* Y@2x.png in Resources */,
				DE7FC3AA14155C4100D2358F /* article_32x32.png in Resources */,
			);
			runOnlyForDeploymentPostprocessing = 0;
		};
/* End PBXResourcesBuildPhase section */

/* Begin PBXSourcesBuildPhase section */
		DE99FC1414127DFC007A9F00 /* Sources */ = {
			isa = PBXSourcesBuildPhase;
			buildActionMask = 2147483647;
			files = (
				DE99FC2914127DFC007A9F00 /* main.m in Sources */,
				DE99FC2D14127DFC007A9F00 /* hackernewsapiAppDelegate.m in Sources */,
				DE99FC3114127DFC007A9F00 /* hackernewsapiAppDelegate_iPhone.m in Sources */,
				DE99FC3814127DFC007A9F00 /* hackernewsapiAppDelegate_iPad.m in Sources */,
				DE99FC471412870F007A9F00 /* NewsListViewController.m in Sources */,
				DE99FC4C141288EC007A9F00 /* NewListViewController_iPhone.m in Sources */,
				DE99FC5314128BF7007A9F00 /* NewsListViewController_iPad.m in Sources */,
				DE99FC63141292F9007A9F00 /* JSONKit.m in Sources */,
				DE99FCA214129498007A9F00 /* AFHTTPRequestOperation.m in Sources */,
				DE99FCA314129498007A9F00 /* AFImageCache.m in Sources */,
				DE99FCA414129498007A9F00 /* AFImageRequestOperation.m in Sources */,
				DE99FCA514129498007A9F00 /* AFJSONRequestOperation.m in Sources */,
				DE99FCA614129498007A9F00 /* AFNetworkActivityIndicatorManager.m in Sources */,
				DE99FCA714129498007A9F00 /* AFRestClient.m in Sources */,
				DE99FCA814129498007A9F00 /* NSData+AFNetworking.m in Sources */,
				DE99FCA914129498007A9F00 /* NSMutableURLRequest+AFNetworking.m in Sources */,
				DE99FCAA14129498007A9F00 /* NSString+AFNetworking.m in Sources */,
				DE99FCAB14129498007A9F00 /* UIImage+AFNetworking.m in Sources */,
				DE99FCAC14129498007A9F00 /* UIImageView+AFNetworking.m in Sources */,
				DE99FCB1141297C3007A9F00 /* HackerNewsAPIClient.m in Sources */,
				DE99FCB4141299DB007A9F00 /* HNItem.m in Sources */,
				DE80D18214180DC600AB21EB /* HNRssViewController.m in Sources */,
				DE80D18614180E8B00AB21EB /* HNRssViewController_iPhone.m in Sources */,
				DE857116141D2725009B1EA0 /* GDataXMLNode.m in Sources */,
			);
			runOnlyForDeploymentPostprocessing = 0;
		};
/* End PBXSourcesBuildPhase section */

/* Begin PBXVariantGroup section */
		DE99FC2514127DFC007A9F00 /* InfoPlist.strings */ = {
			isa = PBXVariantGroup;
			children = (
				DE99FC2614127DFC007A9F00 /* en */,
			);
			name = InfoPlist.strings;
			sourceTree = "<group>";
		};
		DE99FC3214127DFC007A9F00 /* MainWindow_iPhone.xib */ = {
			isa = PBXVariantGroup;
			children = (
				DE99FC3314127DFC007A9F00 /* en */,
			);
			name = MainWindow_iPhone.xib;
			sourceTree = "<group>";
		};
		DE99FC3914127DFC007A9F00 /* MainWindow_iPad.xib */ = {
			isa = PBXVariantGroup;
			children = (
				DE99FC3A14127DFC007A9F00 /* en */,
			);
			name = MainWindow_iPad.xib;
			sourceTree = "<group>";
		};
/* End PBXVariantGroup section */

/* Begin XCBuildConfiguration section */
		DE99FC3C14127DFC007A9F00 /* Debug */ = {
			isa = XCBuildConfiguration;
			buildSettings = {
				ALWAYS_SEARCH_USER_PATHS = NO;
				ARCHS = "$(ARCHS_STANDARD_32_BIT)";
				"CODE_SIGN_IDENTITY[sdk=iphoneos*]" = "iPhone Developer";
				COPY_PHASE_STRIP = NO;
				GCC_C_LANGUAGE_STANDARD = gnu99;
				GCC_DYNAMIC_NO_PIC = NO;
				GCC_OPTIMIZATION_LEVEL = 0;
				GCC_PREPROCESSOR_DEFINITIONS = (
					"DEBUG=1",
					"$(inherited)",
				);
				GCC_SYMBOLS_PRIVATE_EXTERN = NO;
				GCC_VERSION = com.apple.compilers.llvmgcc42;
				GCC_WARN_ABOUT_MISSING_PROTOTYPES = YES;
				GCC_WARN_ABOUT_RETURN_TYPE = YES;
				GCC_WARN_UNUSED_VARIABLE = YES;
				IPHONEOS_DEPLOYMENT_TARGET = 4.3;
				SDKROOT = iphoneos;
				TARGETED_DEVICE_FAMILY = "1,2";
			};
			name = Debug;
		};
		DE99FC3D14127DFC007A9F00 /* Release */ = {
			isa = XCBuildConfiguration;
			buildSettings = {
				ALWAYS_SEARCH_USER_PATHS = NO;
				ARCHS = "$(ARCHS_STANDARD_32_BIT)";
				"CODE_SIGN_IDENTITY[sdk=iphoneos*]" = "iPhone Developer";
				COPY_PHASE_STRIP = YES;
				GCC_C_LANGUAGE_STANDARD = gnu99;
				GCC_VERSION = com.apple.compilers.llvmgcc42;
				GCC_WARN_ABOUT_MISSING_PROTOTYPES = YES;
				GCC_WARN_ABOUT_RETURN_TYPE = YES;
				GCC_WARN_UNUSED_VARIABLE = YES;
				IPHONEOS_DEPLOYMENT_TARGET = 4.3;
				OTHER_CFLAGS = "-DNS_BLOCK_ASSERTIONS=1";
				SDKROOT = iphoneos;
				TARGETED_DEVICE_FAMILY = "1,2";
				VALIDATE_PRODUCT = YES;
			};
			name = Release;
		};
		DE99FC3F14127DFC007A9F00 /* Debug */ = {
			isa = XCBuildConfiguration;
			buildSettings = {
				GCC_PRECOMPILE_PREFIX_HEADER = YES;
				GCC_PREFIX_HEADER = "hackernewsapi/hackernewsapi-Prefix.pch";
				"HEADER_SEARCH_PATHS[arch=*]" = /usr/include/libxml2;
				INFOPLIST_FILE = "hackernewsapi/hackernewsapi-Info.plist";
				"OTHER_LDFLAGS[arch=*]" = "-lxml2";
				PRODUCT_NAME = "$(TARGET_NAME)";
				WRAPPER_EXTENSION = app;
			};
			name = Debug;
		};
		DE99FC4014127DFC007A9F00 /* Release */ = {
			isa = XCBuildConfiguration;
			buildSettings = {
				GCC_PRECOMPILE_PREFIX_HEADER = YES;
				GCC_PREFIX_HEADER = "hackernewsapi/hackernewsapi-Prefix.pch";
				"HEADER_SEARCH_PATHS[arch=*]" = /usr/include/libxml2;
				INFOPLIST_FILE = "hackernewsapi/hackernewsapi-Info.plist";
				"OTHER_LDFLAGS[arch=*]" = "-lxml2";
				PRODUCT_NAME = "$(TARGET_NAME)";
				WRAPPER_EXTENSION = app;
			};
			name = Release;
		};
/* End XCBuildConfiguration section */

/* Begin XCConfigurationList section */
		DE99FC1214127DFC007A9F00 /* Build configuration list for PBXProject "hackernewsapi" */ = {
			isa = XCConfigurationList;
			buildConfigurations = (
				DE99FC3C14127DFC007A9F00 /* Debug */,
				DE99FC3D14127DFC007A9F00 /* Release */,
			);
			defaultConfigurationIsVisible = 0;
			defaultConfigurationName = Release;
		};
		DE99FC3E14127DFC007A9F00 /* Build configuration list for PBXNativeTarget "hackernewsapi" */ = {
			isa = XCConfigurationList;
			buildConfigurations = (
				DE99FC3F14127DFC007A9F00 /* Debug */,
				DE99FC4014127DFC007A9F00 /* Release */,
			);
			defaultConfigurationIsVisible = 0;
			defaultConfigurationName = Release;
		};
/* End XCConfigurationList section */
	};
	rootObject = DE99FC0F14127DFC007A9F00 /* Project object */;
}
